{
  "version": 4,
  "terraform_version": "0.13.4",
  "serial": 37,
  "lineage": "c51aa42d-a504-05b0-8a68-1da50d594911",
  "outputs": {},
  "resources": [
    {
      "mode": "managed",
      "type": "azurerm_availability_set",
      "name": "win-2016",
      "provider": "provider[\"registry.terraform.io/hashicorp/azurerm\"]",
      "instances": [
        {
          "schema_version": 0,
          "attributes": {
            "id": "/subscriptions/ce111193-1121-406b-911c-33884256e922/resourceGroups/Terraformwindeploy/providers/Microsoft.Compute/availabilitySets/dem-aset",
            "location": "westeurope",
            "managed": true,
            "name": "dem-aset",
            "platform_fault_domain_count": 3,
            "platform_update_domain_count": 5,
            "proximity_placement_group_id": null,
            "resource_group_name": "Terraformwindeploy",
            "tags": null,
            "timeouts": null
          },
          "private": "eyJlMmJmYjczMC1lY2FhLTExZTYtOGY4OC0zNDM2M2JjN2M0YzAiOnsiY3JlYXRlIjoxODAwMDAwMDAwMDAwLCJkZWxldGUiOjE4MDAwMDAwMDAwMDAsInJlYWQiOjMwMDAwMDAwMDAwMCwidXBkYXRlIjoxODAwMDAwMDAwMDAwfX0=",
          "dependencies": [
            "azurerm_resource_group.windem"
          ]
        }
      ]
    },
    {
      "mode": "managed",
      "type": "azurerm_network_interface",
      "name": "example",
      "provider": "provider[\"registry.terraform.io/hashicorp/azurerm\"]",
      "instances": [
        {
          "schema_version": 0,
          "attributes": {
            "applied_dns_servers": [],
            "dns_servers": [],
            "enable_accelerated_networking": false,
            "enable_ip_forwarding": false,
            "id": "/subscriptions/ce111193-1121-406b-911c-33884256e922/resourceGroups/Terraformwindeploy/providers/Microsoft.Network/networkInterfaces/demo-nic",
            "internal_dns_name_label": "",
            "ip_configuration": [
              {
                "name": "sub1",
                "primary": true,
                "private_ip_address": "150.0.2.4",
                "private_ip_address_allocation": "Dynamic",
                "private_ip_address_version": "IPv4",
                "public_ip_address_id": "",
                "subnet_id": "/subscriptions/ce111193-1121-406b-911c-33884256e922/resourceGroups/Terraformwindeploy/providers/Microsoft.Network/virtualNetworks/vNet/subnets/sub1"
              }
            ],
            "location": "westeurope",
            "mac_address": "",
            "name": "demo-nic",
            "private_ip_address": "150.0.2.4",
            "private_ip_addresses": [
              "150.0.2.4"
            ],
            "resource_group_name": "Terraformwindeploy",
            "tags": null,
            "timeouts": null,
            "virtual_machine_id": ""
          },
          "private": "eyJlMmJmYjczMC1lY2FhLTExZTYtOGY4OC0zNDM2M2JjN2M0YzAiOnsiY3JlYXRlIjoxODAwMDAwMDAwMDAwLCJkZWxldGUiOjE4MDAwMDAwMDAwMDAsInJlYWQiOjMwMDAwMDAwMDAwMCwidXBkYXRlIjoxODAwMDAwMDAwMDAwfX0=",
          "dependencies": [
            "azurerm_resource_group.windem",
            "azurerm_subnet.subnet",
            "azurerm_virtual_network.network150"
          ]
        }
      ]
    },
    {
      "mode": "managed",
      "type": "azurerm_network_security_group",
      "name": "security",
      "provider": "provider[\"registry.terraform.io/hashicorp/azurerm\"]",
      "instances": [
        {
          "schema_version": 0,
          "attributes": {
            "id": "/subscriptions/ce111193-1121-406b-911c-33884256e922/resourceGroups/Terraformwindeploy/providers/Microsoft.Network/networkSecurityGroups/Azure_nsg",
            "location": "westeurope",
            "name": "Azure_nsg",
            "resource_group_name": "Terraformwindeploy",
            "security_rule": [
              {
                "access": "allow",
                "description": "",
                "destination_address_prefix": "*",
                "destination_address_prefixes": [],
                "destination_application_security_group_ids": [],
                "destination_port_range": "*",
                "destination_port_ranges": [],
                "direction": "inbound",
                "name": "open_port80",
                "priority": 400,
                "protocol": "Tcp",
                "source_address_prefix": "*",
                "source_address_prefixes": [],
                "source_application_security_group_ids": [],
                "source_port_range": "*",
                "source_port_ranges": []
              }
            ],
            "tags": {
              "env": "seccurity_group",
              "owner": "Ronith"
            },
            "timeouts": null
          },
          "private": "eyJlMmJmYjczMC1lY2FhLTExZTYtOGY4OC0zNDM2M2JjN2M0YzAiOnsiY3JlYXRlIjoxODAwMDAwMDAwMDAwLCJkZWxldGUiOjE4MDAwMDAwMDAwMDAsInJlYWQiOjMwMDAwMDAwMDAwMCwidXBkYXRlIjoxODAwMDAwMDAwMDAwfX0=",
          "dependencies": [
            "azurerm_resource_group.windem"
          ]
        }
      ]
    },
    {
      "mode": "managed",
      "type": "azurerm_resource_group",
      "name": "windem",
      "provider": "provider[\"registry.terraform.io/hashicorp/azurerm\"]",
      "instances": [
        {
          "schema_version": 0,
          "attributes": {
            "id": "/subscriptions/ce111193-1121-406b-911c-33884256e922/resourceGroups/Terraformwindeploy",
            "location": "westeurope",
            "name": "Terraformwindeploy",
            "tags": null,
            "timeouts": null
          },
          "private": "eyJlMmJmYjczMC1lY2FhLTExZTYtOGY4OC0zNDM2M2JjN2M0YzAiOnsiY3JlYXRlIjo1NDAwMDAwMDAwMDAwLCJkZWxldGUiOjU0MDAwMDAwMDAwMDAsInJlYWQiOjMwMDAwMDAwMDAwMCwidXBkYXRlIjo1NDAwMDAwMDAwMDAwfX0="
        }
      ]
    },
    {
      "mode": "managed",
      "type": "azurerm_subnet",
      "name": "subnet",
      "provider": "provider[\"registry.terraform.io/hashicorp/azurerm\"]",
      "instances": [
        {
          "schema_version": 0,
          "attributes": {
            "address_prefix": "150.0.2.0/24",
            "delegation": [],
            "enforce_private_link_endpoint_network_policies": false,
            "enforce_private_link_service_network_policies": false,
            "id": "/subscriptions/ce111193-1121-406b-911c-33884256e922/resourceGroups/Terraformwindeploy/providers/Microsoft.Network/virtualNetworks/vNet/subnets/sub1",
            "name": "sub1",
            "resource_group_name": "Terraformwindeploy",
            "service_endpoints": null,
            "timeouts": null,
            "virtual_network_name": "vNet"
          },
          "private": "eyJlMmJmYjczMC1lY2FhLTExZTYtOGY4OC0zNDM2M2JjN2M0YzAiOnsiY3JlYXRlIjoxODAwMDAwMDAwMDAwLCJkZWxldGUiOjE4MDAwMDAwMDAwMDAsInJlYWQiOjMwMDAwMDAwMDAwMCwidXBkYXRlIjoxODAwMDAwMDAwMDAwfX0=",
          "dependencies": [
            "azurerm_resource_group.windem",
            "azurerm_virtual_network.network150"
          ]
        }
      ]
    },
    {
      "mode": "managed",
      "type": "azurerm_virtual_network",
      "name": "network150",
      "provider": "provider[\"registry.terraform.io/hashicorp/azurerm\"]",
      "instances": [
        {
          "schema_version": 0,
          "attributes": {
            "address_space": [
              "150.0.0.0/16"
            ],
            "ddos_protection_plan": [],
            "dns_servers": null,
            "id": "/subscriptions/ce111193-1121-406b-911c-33884256e922/resourceGroups/Terraformwindeploy/providers/Microsoft.Network/virtualNetworks/vNet",
            "location": "westeurope",
            "name": "vNet",
            "resource_group_name": "Terraformwindeploy",
            "subnet": [],
            "tags": null,
            "timeouts": null
          },
          "private": "eyJlMmJmYjczMC1lY2FhLTExZTYtOGY4OC0zNDM2M2JjN2M0YzAiOnsiY3JlYXRlIjoxODAwMDAwMDAwMDAwLCJkZWxldGUiOjE4MDAwMDAwMDAwMDAsInJlYWQiOjMwMDAwMDAwMDAwMCwidXBkYXRlIjoxODAwMDAwMDAwMDAwfX0=",
          "dependencies": [
            "azurerm_resource_group.windem"
          ]
        }
      ]
    },
    {
      "mode": "managed",
      "type": "azurerm_windows_virtual_machine",
      "name": "windos2016",
      "provider": "provider[\"registry.terraform.io/hashicorp/azurerm\"]",
      "instances": [
        {
          "schema_version": 0,
          "attributes": {
            "additional_capabilities": [],
            "additional_unattend_content": [],
            "admin_password": "P@$$w0rd1234!",
            "admin_username": "adminuser",
            "allow_extension_operations": true,
            "availability_set_id": "/subscriptions/ce111193-1121-406b-911c-33884256e922/resourceGroups/Terraformwindeploy/providers/Microsoft.Compute/availabilitySets/DEM-ASET",
            "boot_diagnostics": [],
            "computer_name": "win2016-machine",
            "custom_data": null,
            "dedicated_host_id": "",
            "enable_automatic_updates": true,
            "eviction_policy": "",
            "id": "/subscriptions/ce111193-1121-406b-911c-33884256e922/resourceGroups/Terraformwindeploy/providers/Microsoft.Compute/virtualMachines/win2016-machine",
            "identity": [],
            "license_type": "",
            "location": "westeurope",
            "max_bid_price": -1,
            "name": "win2016-machine",
            "network_interface_ids": [
              "/subscriptions/ce111193-1121-406b-911c-33884256e922/resourceGroups/Terraformwindeploy/providers/Microsoft.Network/networkInterfaces/demo-nic"
            ],
            "os_disk": [
              {
                "caching": "ReadWrite",
                "diff_disk_settings": [],
                "disk_encryption_set_id": "",
                "disk_size_gb": 127,
                "name": "win2016-machine_OsDisk_1_b2eda0f5cdbc4bbb8725065c71e16a5d",
                "storage_account_type": "Standard_LRS",
                "write_accelerator_enabled": false
              }
            ],
            "plan": [],
            "priority": "Regular",
            "private_ip_address": "150.0.2.4",
            "private_ip_addresses": [
              "150.0.2.4"
            ],
            "provision_vm_agent": true,
            "proximity_placement_group_id": "",
            "public_ip_address": "",
            "public_ip_addresses": [],
            "resource_group_name": "Terraformwindeploy",
            "secret": [],
            "size": "Standard_F2",
            "source_image_id": "",
            "source_image_reference": [
              {
                "offer": "WindowsServer",
                "publisher": "MicrosoftWindowsServer",
                "sku": "2016-Datacenter",
                "version": "latest"
              }
            ],
            "tags": {
              "env": "windows_virtual_machine",
              "owner": "ronith"
            },
            "timeouts": null,
            "timezone": "",
            "virtual_machine_id": "9538de94-9166-4e5c-a326-758e84663e6b",
            "winrm_listener": [],
            "zone": ""
          },
          "private": "eyJlMmJmYjczMC1lY2FhLTExZTYtOGY4OC0zNDM2M2JjN2M0YzAiOnsiY3JlYXRlIjoyNzAwMDAwMDAwMDAwLCJkZWxldGUiOjI3MDAwMDAwMDAwMDAsInJlYWQiOjMwMDAwMDAwMDAwMCwidXBkYXRlIjoyNzAwMDAwMDAwMDAwfX0=",
          "dependencies": [
            "azurerm_availability_set.win-2016",
            "azurerm_network_interface.example",
            "azurerm_resource_group.windem",
            "azurerm_subnet.subnet",
            "azurerm_virtual_network.network150"
          ]
        }
      ]
    }
  ]
}
